
Microsoft Visual Studio Solution File, Format Version 12.00
# Visual Studio Version 17
VisualStudioVersion = 17.12.35707.178
MinimumVisualStudioVersion = 10.0.40219.1
Project("{FAE04EC0-301F-11D3-BF4B-00C04F79EFBC}") = "mywork", "mywork\mywork.csproj", "{27FD488D-02F2-4BDC-8FFB-A61512B3D9F3}"
EndProject
Project("{FAE04EC0-301F-11D3-BF4B-00C04F79EFBC}") = "weaksa", "weaksa\weaksa.csproj", "{EAA10D5B-3BD4-4D13-AB6D-D3F94851B56A}"
EndProject
Project("{FAE04EC0-301F-11D3-BF4B-00C04F79EFBC}") = "calculator", "calculator\calculator.csproj", "{E8ED3D01-FF8B-4293-B055-346B6A6B629D}"
EndProject
Project("{FAE04EC0-301F-11D3-BF4B-00C04F79EFBC}") = "number", "number\number.csproj", "{221C19D0-CE27-43FD-B0B4-1DE97081ED57}"
EndProject
Project("{FAE04EC0-301F-11D3-BF4B-00C04F79EFBC}") = "cikli", "praktika\cikli.csproj", "{A2F23381-7A77-44E8-913B-EAE827C3E8E7}"
EndProject
Global
	GlobalSection(SolutionConfigurationPlatforms) = preSolution
		Debug|Any CPU = Debug|Any CPU
		Release|Any CPU = Release|Any CPU
	EndGlobalSection
	GlobalSection(ProjectConfigurationPlatforms) = postSolution
		{27FD488D-02F2-4BDC-8FFB-A61512B3D9F3}.Debug|Any CPU.ActiveCfg = Debug|Any CPU
		{27FD488D-02F2-4BDC-8FFB-A61512B3D9F3}.Debug|Any CPU.Build.0 = Debug|Any CPU
		{27FD488D-02F2-4BDC-8FFB-A61512B3D9F3}.Release|Any CPU.ActiveCfg = Release|Any CPU
		{27FD488D-02F2-4BDC-8FFB-A61512B3D9F3}.Release|Any CPU.Build.0 = Release|Any CPU
		{EAA10D5B-3BD4-4D13-AB6D-D3F94851B56A}.Debug|Any CPU.ActiveCfg = Debug|Any CPU
		{EAA10D5B-3BD4-4D13-AB6D-D3F94851B56A}.Debug|Any CPU.Build.0 = Debug|Any CPU
		{EAA10D5B-3BD4-4D13-AB6D-D3F94851B56A}.Release|Any CPU.ActiveCfg = Release|Any CPU
		{EAA10D5B-3BD4-4D13-AB6D-D3F94851B56A}.Release|Any CPU.Build.0 = Release|Any CPU
		{E8ED3D01-FF8B-4293-B055-346B6A6B629D}.Debug|Any CPU.ActiveCfg = Debug|Any CPU
		{E8ED3D01-FF8B-4293-B055-346B6A6B629D}.Debug|Any CPU.Build.0 = Debug|Any CPU
		{E8ED3D01-FF8B-4293-B055-346B6A6B629D}.Release|Any CPU.ActiveCfg = Release|Any CPU
		{E8ED3D01-FF8B-4293-B055-346B6A6B629D}.Release|Any CPU.Build.0 = Release|Any CPU
		{221C19D0-CE27-43FD-B0B4-1DE97081ED57}.Debug|Any CPU.ActiveCfg = Debug|Any CPU
		{221C19D0-CE27-43FD-B0B4-1DE97081ED57}.Debug|Any CPU.Build.0 = Debug|Any CPU
		{221C19D0-CE27-43FD-B0B4-1DE97081ED57}.Release|Any CPU.ActiveCfg = Release|Any CPU
		{221C19D0-CE27-43FD-B0B4-1DE97081ED57}.Release|Any CPU.Build.0 = Release|Any CPU
		{A2F23381-7A77-44E8-913B-EAE827C3E8E7}.Debug|Any CPU.ActiveCfg = Debug|Any CPU
		{A2F23381-7A77-44E8-913B-EAE827C3E8E7}.Debug|Any CPU.Build.0 = Debug|Any CPU
		{A2F23381-7A77-44E8-913B-EAE827C3E8E7}.Release|Any CPU.ActiveCfg = Release|Any CPU
		{A2F23381-7A77-44E8-913B-EAE827C3E8E7}.Release|Any CPU.Build.0 = Release|Any CPU
	EndGlobalSection
	GlobalSection(SolutionProperties) = preSolution
		HideSolutionNode = FALSE
	EndGlobalSection
EndGlobal
