
Microsoft Visual Studio Solution File, Format Version 12.00
# Visual Studio Version 17
VisualStudioVersion = 17.12.35707.178
MinimumVisualStudioVersion = 10.0.40219.1
Project("{FAE04EC0-301F-11D3-BF4B-00C04F79EFBC}") = "mywork", "mywork\mywork.csproj", "{27FD488D-02F2-4BDC-8FFB-A61512B3D9F3}"
EndProject
Project("{FAE04EC0-301F-11D3-BF4B-00C04F79EFBC}") = "weaksa", "weaksa\weaksa.csproj", "{EAA10D5B-3BD4-4D13-AB6D-D3F94851B56A}"
EndProject
Project("{FAE04EC0-301F-11D3-BF4B-00C04F79EFBC}") = "calculator", "calculator\calculator.csproj", "{E8ED3D01-FF8B-4293-B055-346B6A6B629D}"
EndProject
Project("{FAE04EC0-301F-11D3-BF4B-00C04F79EFBC}") = "number", "number\number.csproj", "{221C19D0-CE27-43FD-B0B4-1DE97081ED57}"
EndProject
Project("{FAE04EC0-301F-11D3-BF4B-00C04F79EFBC}") = "цикли", "praktika\цикли.csproj", "{A2F23381-7A77-44E8-913B-EAE827C3E8E7}"
EndProject
Project("{FAE04EC0-301F-11D3-BF4B-00C04F79EFBC}") = "crestikinoliki", "crestikinoliki\crestikinoliki.csproj", "{0FB4A168-DAB7-4B90-A259-5D94BA85DD39}"
EndProject
Project("{FAE04EC0-301F-11D3-BF4B-00C04F79EFBC}") = "masivi", "masivi\masivi.csproj", "{74978565-D97B-432B-B905-CAE5B5D14361}"
EndProject
Project("{FAE04EC0-301F-11D3-BF4B-00C04F79EFBC}") = "testing", "testing\testing.csproj", "{CDA1C2D2-99D7-465F-8EF6-BD1C4B50D760}"
EndProject
Project("{FAE04EC0-301F-11D3-BF4B-00C04F79EFBC}") = "asiviv2", "asiviv2\asiviv2.csproj", "{B60FBCB8-1A00-4368-80DD-EDB48E1A4B46}"
EndProject
Project("{FAE04EC0-301F-11D3-BF4B-00C04F79EFBC}") = "radki", "radki\radki.csproj", "{1E671AC9-2F41-463E-82B8-255144A737F3}"
EndProject
Project("{FAE04EC0-301F-11D3-BF4B-00C04F79EFBC}") = "radkiv2", "radkiv2\radkiv2.csproj", "{AFE4F85B-48AC-49E2-A5D7-D43488078797}"
EndProject
Project("{FAE04EC0-301F-11D3-BF4B-00C04F79EFBC}") = "radkiv3", "radkiv3\radkiv3.csproj", "{33451515-6415-4DCC-AAEC-5988A7F22917}"
EndProject
Project("{FAE04EC0-301F-11D3-BF4B-00C04F79EFBC}") = "shibenica", "shibenica\shibenica.csproj", "{EE57C6A2-0F1C-4F54-AABE-42DA6E764A64}"
EndProject
Global
	GlobalSection(SolutionConfigurationPlatforms) = preSolution
		Debug|Any CPU = Debug|Any CPU
		Release|Any CPU = Release|Any CPU
	EndGlobalSection
	GlobalSection(ProjectConfigurationPlatforms) = postSolution
		{27FD488D-02F2-4BDC-8FFB-A61512B3D9F3}.Debug|Any CPU.ActiveCfg = Debug|Any CPU
		{27FD488D-02F2-4BDC-8FFB-A61512B3D9F3}.Debug|Any CPU.Build.0 = Debug|Any CPU
		{27FD488D-02F2-4BDC-8FFB-A61512B3D9F3}.Release|Any CPU.ActiveCfg = Release|Any CPU
		{27FD488D-02F2-4BDC-8FFB-A61512B3D9F3}.Release|Any CPU.Build.0 = Release|Any CPU
		{EAA10D5B-3BD4-4D13-AB6D-D3F94851B56A}.Debug|Any CPU.ActiveCfg = Debug|Any CPU
		{EAA10D5B-3BD4-4D13-AB6D-D3F94851B56A}.Debug|Any CPU.Build.0 = Debug|Any CPU
		{EAA10D5B-3BD4-4D13-AB6D-D3F94851B56A}.Release|Any CPU.ActiveCfg = Release|Any CPU
		{EAA10D5B-3BD4-4D13-AB6D-D3F94851B56A}.Release|Any CPU.Build.0 = Release|Any CPU
		{E8ED3D01-FF8B-4293-B055-346B6A6B629D}.Debug|Any CPU.ActiveCfg = Debug|Any CPU
		{E8ED3D01-FF8B-4293-B055-346B6A6B629D}.Debug|Any CPU.Build.0 = Debug|Any CPU
		{E8ED3D01-FF8B-4293-B055-346B6A6B629D}.Release|Any CPU.ActiveCfg = Release|Any CPU
		{E8ED3D01-FF8B-4293-B055-346B6A6B629D}.Release|Any CPU.Build.0 = Release|Any CPU
		{221C19D0-CE27-43FD-B0B4-1DE97081ED57}.Debug|Any CPU.ActiveCfg = Debug|Any CPU
		{221C19D0-CE27-43FD-B0B4-1DE97081ED57}.Debug|Any CPU.Build.0 = Debug|Any CPU
		{221C19D0-CE27-43FD-B0B4-1DE97081ED57}.Release|Any CPU.ActiveCfg = Release|Any CPU
		{221C19D0-CE27-43FD-B0B4-1DE97081ED57}.Release|Any CPU.Build.0 = Release|Any CPU
		{A2F23381-7A77-44E8-913B-EAE827C3E8E7}.Debug|Any CPU.ActiveCfg = Debug|Any CPU
		{A2F23381-7A77-44E8-913B-EAE827C3E8E7}.Debug|Any CPU.Build.0 = Debug|Any CPU
		{A2F23381-7A77-44E8-913B-EAE827C3E8E7}.Release|Any CPU.ActiveCfg = Release|Any CPU
		{A2F23381-7A77-44E8-913B-EAE827C3E8E7}.Release|Any CPU.Build.0 = Release|Any CPU
		{0FB4A168-DAB7-4B90-A259-5D94BA85DD39}.Debug|Any CPU.ActiveCfg = Debug|Any CPU
		{0FB4A168-DAB7-4B90-A259-5D94BA85DD39}.Debug|Any CPU.Build.0 = Debug|Any CPU
		{0FB4A168-DAB7-4B90-A259-5D94BA85DD39}.Release|Any CPU.ActiveCfg = Release|Any CPU
		{0FB4A168-DAB7-4B90-A259-5D94BA85DD39}.Release|Any CPU.Build.0 = Release|Any CPU
		{74978565-D97B-432B-B905-CAE5B5D14361}.Debug|Any CPU.ActiveCfg = Debug|Any CPU
		{74978565-D97B-432B-B905-CAE5B5D14361}.Debug|Any CPU.Build.0 = Debug|Any CPU
		{74978565-D97B-432B-B905-CAE5B5D14361}.Release|Any CPU.ActiveCfg = Release|Any CPU
		{74978565-D97B-432B-B905-CAE5B5D14361}.Release|Any CPU.Build.0 = Release|Any CPU
		{CDA1C2D2-99D7-465F-8EF6-BD1C4B50D760}.Debug|Any CPU.ActiveCfg = Debug|Any CPU
		{CDA1C2D2-99D7-465F-8EF6-BD1C4B50D760}.Debug|Any CPU.Build.0 = Debug|Any CPU
		{CDA1C2D2-99D7-465F-8EF6-BD1C4B50D760}.Release|Any CPU.ActiveCfg = Release|Any CPU
		{CDA1C2D2-99D7-465F-8EF6-BD1C4B50D760}.Release|Any CPU.Build.0 = Release|Any CPU
		{B60FBCB8-1A00-4368-80DD-EDB48E1A4B46}.Debug|Any CPU.ActiveCfg = Debug|Any CPU
		{B60FBCB8-1A00-4368-80DD-EDB48E1A4B46}.Debug|Any CPU.Build.0 = Debug|Any CPU
		{B60FBCB8-1A00-4368-80DD-EDB48E1A4B46}.Release|Any CPU.ActiveCfg = Release|Any CPU
		{B60FBCB8-1A00-4368-80DD-EDB48E1A4B46}.Release|Any CPU.Build.0 = Release|Any CPU
		{1E671AC9-2F41-463E-82B8-255144A737F3}.Debug|Any CPU.ActiveCfg = Debug|Any CPU
		{1E671AC9-2F41-463E-82B8-255144A737F3}.Debug|Any CPU.Build.0 = Debug|Any CPU
		{1E671AC9-2F41-463E-82B8-255144A737F3}.Release|Any CPU.ActiveCfg = Release|Any CPU
		{1E671AC9-2F41-463E-82B8-255144A737F3}.Release|Any CPU.Build.0 = Release|Any CPU
		{AFE4F85B-48AC-49E2-A5D7-D43488078797}.Debug|Any CPU.ActiveCfg = Debug|Any CPU
		{AFE4F85B-48AC-49E2-A5D7-D43488078797}.Debug|Any CPU.Build.0 = Debug|Any CPU
		{AFE4F85B-48AC-49E2-A5D7-D43488078797}.Release|Any CPU.ActiveCfg = Release|Any CPU
		{AFE4F85B-48AC-49E2-A5D7-D43488078797}.Release|Any CPU.Build.0 = Release|Any CPU
		{33451515-6415-4DCC-AAEC-5988A7F22917}.Debug|Any CPU.ActiveCfg = Debug|Any CPU
		{33451515-6415-4DCC-AAEC-5988A7F22917}.Debug|Any CPU.Build.0 = Debug|Any CPU
		{33451515-6415-4DCC-AAEC-5988A7F22917}.Release|Any CPU.ActiveCfg = Release|Any CPU
		{33451515-6415-4DCC-AAEC-5988A7F22917}.Release|Any CPU.Build.0 = Release|Any CPU
		{EE57C6A2-0F1C-4F54-AABE-42DA6E764A64}.Debug|Any CPU.ActiveCfg = Debug|Any CPU
		{EE57C6A2-0F1C-4F54-AABE-42DA6E764A64}.Debug|Any CPU.Build.0 = Debug|Any CPU
		{EE57C6A2-0F1C-4F54-AABE-42DA6E764A64}.Release|Any CPU.ActiveCfg = Release|Any CPU
		{EE57C6A2-0F1C-4F54-AABE-42DA6E764A64}.Release|Any CPU.Build.0 = Release|Any CPU
	EndGlobalSection
	GlobalSection(SolutionProperties) = preSolution
		HideSolutionNode = FALSE
	EndGlobalSection
EndGlobal
